
Microsoft Visual Studio Solution File, Format Version 12.00
# Visual Studio 15
VisualStudioVersion = 15.0.28307.902
MinimumVisualStudioVersion = 10.0.40219.1
Project("{FAE04EC0-301F-11D3-BF4B-00C04F79EFBC}") = "GUI", "GUI\GUI.csproj", "{E455D9E9-2371-40CE-9810-814D04BDB7B5}"
EndProject
Project("{FAE04EC0-301F-11D3-BF4B-00C04F79EFBC}") = "BL", "BL\BL.csproj", "{C5ED9DC6-C7A1-40D9-8D24-871267CBB56C}"
EndProject
Project("{FAE04EC0-301F-11D3-BF4B-00C04F79EFBC}") = "DAL", "DAL\DAL.csproj", "{A634BFE4-DA8F-4C67-AC54-DC9CCF1E7217}"
EndProject
Project("{2150E333-8FDC-42A3-9474-1A3956D46DE8}") = "Solution Items", "Solution Items", "{8DD35775-0FF7-47FE-B9DD-5750F50DB185}"
	ProjectSection(SolutionItems) = preProject
		map.xml = map.xml
	EndProjectSection
EndProject
Global
	GlobalSection(SolutionConfigurationPlatforms) = preSolution
		Debug|Any CPU = Debug|Any CPU
		Release|Any CPU = Release|Any CPU
	EndGlobalSection
	GlobalSection(ProjectConfigurationPlatforms) = postSolution
		{E455D9E9-2371-40CE-9810-814D04BDB7B5}.Debug|Any CPU.ActiveCfg = Debug|Any CPU
		{E455D9E9-2371-40CE-9810-814D04BDB7B5}.Debug|Any CPU.Build.0 = Debug|Any CPU
		{E455D9E9-2371-40CE-9810-814D04BDB7B5}.Release|Any CPU.ActiveCfg = Release|Any CPU
		{E455D9E9-2371-40CE-9810-814D04BDB7B5}.Release|Any CPU.Build.0 = Release|Any CPU
		{C5ED9DC6-C7A1-40D9-8D24-871267CBB56C}.Debug|Any CPU.ActiveCfg = Debug|Any CPU
		{C5ED9DC6-C7A1-40D9-8D24-871267CBB56C}.Debug|Any CPU.Build.0 = Debug|Any CPU
		{C5ED9DC6-C7A1-40D9-8D24-871267CBB56C}.Release|Any CPU.ActiveCfg = Release|Any CPU
		{C5ED9DC6-C7A1-40D9-8D24-871267CBB56C}.Release|Any CPU.Build.0 = Release|Any CPU
		{A634BFE4-DA8F-4C67-AC54-DC9CCF1E7217}.Debug|Any CPU.ActiveCfg = Debug|Any CPU
		{A634BFE4-DA8F-4C67-AC54-DC9CCF1E7217}.Debug|Any CPU.Build.0 = Debug|Any CPU
		{A634BFE4-DA8F-4C67-AC54-DC9CCF1E7217}.Release|Any CPU.ActiveCfg = Release|Any CPU
		{A634BFE4-DA8F-4C67-AC54-DC9CCF1E7217}.Release|Any CPU.Build.0 = Release|Any CPU
	EndGlobalSection
	GlobalSection(SolutionProperties) = preSolution
		HideSolutionNode = FALSE
	EndGlobalSection
	GlobalSection(ExtensibilityGlobals) = postSolution
		SolutionGuid = {8B3DF386-172A-48A6-8803-DBD613A3C0BF}
	EndGlobalSection
EndGlobal
